
Microsoft Visual Studio Solution File, Format Version 12.00
# Visual Studio Version 17
VisualStudioVersion = 17.11.35312.102
MinimumVisualStudioVersion = 10.0.40219.1
Project("{FAE04EC0-301F-11D3-BF4B-00C04F79EFBC}") = "Demo1", "Demo1\Demo1.csproj", "{65E53B9A-55CE-4AB6-B398-80A366BBEAE0}"
EndProject
Global
	GlobalSection(SolutionConfigurationPlatforms) = preSolution
		Debug|Any CPU = Debug|Any CPU
		Release|Any CPU = Release|Any CPU
	EndGlobalSection
	GlobalSection(ProjectConfigurationPlatforms) = postSolution
		{65E53B9A-55CE-4AB6-B398-80A366BBEAE0}.Debug|Any CPU.ActiveCfg = Debug|Any CPU
		{65E53B9A-55CE-4AB6-B398-80A366BBEAE0}.Debug|Any CPU.Build.0 = Debug|Any CPU
		{65E53B9A-55CE-4AB6-B398-80A366BBEAE0}.Release|Any CPU.ActiveCfg = Release|Any CPU
		{65E53B9A-55CE-4AB6-B398-80A366BBEAE0}.Release|Any CPU.Build.0 = Release|Any CPU
	EndGlobalSection
	GlobalSection(SolutionProperties) = preSolution
		HideSolutionNode = FALSE
	EndGlobalSection
	GlobalSection(ExtensibilityGlobals) = postSolution
		SolutionGuid = {989769DA-A126-4020-B562-27B173A99F61}
	EndGlobalSection
EndGlobal
